
Microsoft Visual Studio Solution File, Format Version 12.00
# Visual Studio Version 16
VisualStudioVersion = 16.0.29911.84
MinimumVisualStudioVersion = 10.0.40219.1
Project("{FAE04EC0-301F-11D3-BF4B-00C04F79EFBC}") = "KıtalarveÜlkeler", "KıtalarveÜlkeler\KıtalarveÜlkeler.csproj", "{500DFADD-18FD-456A-AC91-0BEAC623B38F}"
EndProject
Project("{FAE04EC0-301F-11D3-BF4B-00C04F79EFBC}") = "Servis", "Servis\Servis.csproj", "{AD3B487D-6CCE-4C97-947A-FF93DDBADEF1}"
EndProject
Project("{FAE04EC0-301F-11D3-BF4B-00C04F79EFBC}") = "Sunum", "Sunum\Sunum.csproj", "{8CD7DD0D-A24F-43F2-9411-FD857DBDEA98}"
EndProject
Global
	GlobalSection(SolutionConfigurationPlatforms) = preSolution
		Debug|Any CPU = Debug|Any CPU
		Release|Any CPU = Release|Any CPU
	EndGlobalSection
	GlobalSection(ProjectConfigurationPlatforms) = postSolution
		{500DFADD-18FD-456A-AC91-0BEAC623B38F}.Debug|Any CPU.ActiveCfg = Debug|Any CPU
		{500DFADD-18FD-456A-AC91-0BEAC623B38F}.Debug|Any CPU.Build.0 = Debug|Any CPU
		{500DFADD-18FD-456A-AC91-0BEAC623B38F}.Release|Any CPU.ActiveCfg = Release|Any CPU
		{500DFADD-18FD-456A-AC91-0BEAC623B38F}.Release|Any CPU.Build.0 = Release|Any CPU
		{AD3B487D-6CCE-4C97-947A-FF93DDBADEF1}.Debug|Any CPU.ActiveCfg = Debug|Any CPU
		{AD3B487D-6CCE-4C97-947A-FF93DDBADEF1}.Debug|Any CPU.Build.0 = Debug|Any CPU
		{AD3B487D-6CCE-4C97-947A-FF93DDBADEF1}.Release|Any CPU.ActiveCfg = Release|Any CPU
		{AD3B487D-6CCE-4C97-947A-FF93DDBADEF1}.Release|Any CPU.Build.0 = Release|Any CPU
		{8CD7DD0D-A24F-43F2-9411-FD857DBDEA98}.Debug|Any CPU.ActiveCfg = Debug|Any CPU
		{8CD7DD0D-A24F-43F2-9411-FD857DBDEA98}.Debug|Any CPU.Build.0 = Debug|Any CPU
		{8CD7DD0D-A24F-43F2-9411-FD857DBDEA98}.Release|Any CPU.ActiveCfg = Release|Any CPU
		{8CD7DD0D-A24F-43F2-9411-FD857DBDEA98}.Release|Any CPU.Build.0 = Release|Any CPU
	EndGlobalSection
	GlobalSection(SolutionProperties) = preSolution
		HideSolutionNode = FALSE
	EndGlobalSection
	GlobalSection(ExtensibilityGlobals) = postSolution
		SolutionGuid = {6CDF3F15-6922-4D27-B417-A12F0479A781}
	EndGlobalSection
EndGlobal
